
Microsoft Visual Studio Solution File, Format Version 12.00
# Visual Studio Version 18
VisualStudioVersion = 18.3.11206.111
MinimumVisualStudioVersion = 10.0.40219.1
Project("{FAE04EC0-301F-11D3-BF4B-00C04F79EFBC}") = "ColdWarGameLogic", "..\ColdWarGameLogic\ColdWarGameLogic.csproj", "{5712316D-7A69-4901-9492-F143DABA7330}"
EndProject
Project("{FAE04EC0-301F-11D3-BF4B-00C04F79EFBC}") = "OpenGSGLibrary", "..\OpenGSGLibrary\OpenGSGLibrary.csproj", "{6BB02825-28DB-4F90-B25E-7FCACEA42256}"
EndProject
Project("{FAE04EC0-301F-11D3-BF4B-00C04F79EFBC}") = "OpenGSG_UnitTests", "..\OpenGSG_UnitTests\OpenGSG2_UnitTests.csproj", "{15EC56D1-C59E-47F8-A8A1-E787B1584E03}"
EndProject
Project("{FAE04EC0-301F-11D3-BF4B-00C04F79EFBC}") = "ColdWarPrototype", "..\ColdWarPrototype\ColdWarPrototype.csproj", "{DBF02FB8-1AE1-40FA-8A6C-1EB31AA981BB}"
EndProject
Global
	GlobalSection(SolutionConfigurationPlatforms) = preSolution
		Debug|Any CPU = Debug|Any CPU
		Release|Any CPU = Release|Any CPU
	EndGlobalSection
	GlobalSection(ProjectConfigurationPlatforms) = postSolution
		{5712316D-7A69-4901-9492-F143DABA7330}.Debug|Any CPU.ActiveCfg = Debug|Any CPU
		{5712316D-7A69-4901-9492-F143DABA7330}.Debug|Any CPU.Build.0 = Debug|Any CPU
		{5712316D-7A69-4901-9492-F143DABA7330}.Release|Any CPU.ActiveCfg = Release|Any CPU
		{5712316D-7A69-4901-9492-F143DABA7330}.Release|Any CPU.Build.0 = Release|Any CPU
		{6BB02825-28DB-4F90-B25E-7FCACEA42256}.Debug|Any CPU.ActiveCfg = Debug|Any CPU
		{6BB02825-28DB-4F90-B25E-7FCACEA42256}.Debug|Any CPU.Build.0 = Debug|Any CPU
		{6BB02825-28DB-4F90-B25E-7FCACEA42256}.Release|Any CPU.ActiveCfg = Release|Any CPU
		{6BB02825-28DB-4F90-B25E-7FCACEA42256}.Release|Any CPU.Build.0 = Release|Any CPU
		{15EC56D1-C59E-47F8-A8A1-E787B1584E03}.Debug|Any CPU.ActiveCfg = Debug|Any CPU
		{15EC56D1-C59E-47F8-A8A1-E787B1584E03}.Debug|Any CPU.Build.0 = Debug|Any CPU
		{15EC56D1-C59E-47F8-A8A1-E787B1584E03}.Release|Any CPU.ActiveCfg = Release|Any CPU
		{15EC56D1-C59E-47F8-A8A1-E787B1584E03}.Release|Any CPU.Build.0 = Release|Any CPU
		{DBF02FB8-1AE1-40FA-8A6C-1EB31AA981BB}.Debug|Any CPU.ActiveCfg = Debug|Any CPU
		{DBF02FB8-1AE1-40FA-8A6C-1EB31AA981BB}.Debug|Any CPU.Build.0 = Debug|Any CPU
		{DBF02FB8-1AE1-40FA-8A6C-1EB31AA981BB}.Release|Any CPU.ActiveCfg = Release|Any CPU
		{DBF02FB8-1AE1-40FA-8A6C-1EB31AA981BB}.Release|Any CPU.Build.0 = Release|Any CPU
	EndGlobalSection
	GlobalSection(SolutionProperties) = preSolution
		HideSolutionNode = FALSE
	EndGlobalSection
	GlobalSection(ExtensibilityGlobals) = postSolution
		SolutionGuid = {DF196DE7-AE3D-459E-8C37-FE285C67F1F9}
	EndGlobalSection
EndGlobal
