Microsoft Visual Studio Solution File, Format Version 12.00
# Visual Studio Version 17
VisualStudioVersion = 17.0.31912.275
MinimumVisualStudioVersion = 10.0.40219.1

Project("{FAE04EC0-301F-11D3-BF4B-00C04F79EFBC}") = "OpenGSGLibrary2", "OpenGSGLibrary2\OpenGSGLibrary2.csproj", "{8C9D9F9E-FA3C-4C1C-9AC6-1F2F4A6B9E2B}"
EndProject
Project("{FAE04EC0-301F-11D3-BF4B-00C04F79EFBC}") = "ColdWarGameLogic2", "ColdWarGameLogic2\ColdWarGameLogic2.csproj", "{2D3B2F1C-3C6A-4F6D-9B3C-6D9E2F4B1A3C}"
EndProject
Project("{FAE04EC0-301F-11D3-BF4B-00C04F79EFBC}") = "OpenGSG2_UnitTests", "OpenGSG2_UnitTests\OpenGSG2_UnitTests.csproj", "{1A2B3C4D-5E6F-7081-92A3-B4C5D6E7F809}"
EndProject
Project("{FAE04EC0-301F-11D3-BF4B-00C04F79EFBC}") = "WinFormsUi2", "WinFormsUi2\WinFormsUi2.csproj", "{4B3C2D1E-0F9E-8D7C-6B5A-4C3B2A1908E7}"
EndProject
Global
	GlobalSection(SolutionConfigurationPlatforms) = preSolution
		Debug|Any CPU = Debug|Any CPU
		Release|Any CPU = Release|Any CPU
	EndGlobalSection
	GlobalSection(ProjectConfigurationPlatforms) = postSolution
		{8C9D9F9E-FA3C-4C1C-9AC6-1F2F4A6B9E2B}.Debug|Any CPU.ActiveCfg = Debug|Any CPU
		{8C9D9F9E-FA3C-4C1C-9AC6-1F2F4A6B9E2B}.Debug|Any CPU.Build.0 = Debug|Any CPU
		{2D3B2F1C-3C6A-4F6D-9B3C-6D9E2F4B1A3C}.Debug|Any CPU.ActiveCfg = Debug|Any CPU
		{2D3B2F1C-3C6A-4F6D-9B3C-6D9E2F4B1A3C}.Debug|Any CPU.Build.0 = Debug|Any CPU
		{1A2B3C4D-5E6F-7081-92A3-B4C5D6E7F809}.Debug|Any CPU.ActiveCfg = Debug|Any CPU
		{1A2B3C4D-5E6F-7081-92A3-B4C5D6E7F809}.Debug|Any CPU.Build.0 = Debug|Any CPU
		{4B3C2D1E-0F9E-8D7C-6B5A-4C3B2A1908E7}.Debug|Any CPU.ActiveCfg = Debug|Any CPU
		{4B3C2D1E-0F9E-8D7C-6B5A-4C3B2A1908E7}.Debug|Any CPU.Build.0 = Debug|Any CPU
	EndGlobalSection
EndGlobal
